
Microsoft Visual Studio Solution File, Format Version 12.00
# Visual Studio 15
VisualStudioVersion = 15.0.27004.2008
MinimumVisualStudioVersion = 10.0.40219.1
Project("{2150E333-8FDC-42A3-9474-1A3956D46DE8}") = "DataBase", "DataBase", "{59CE394E-3399-4D64-8F19-D1FBF4CC311A}"
EndProject
Project("{FAE04EC0-301F-11D3-BF4B-00C04F79EFBC}") = "DAL", "DAL\DAL.csproj", "{0E8A869C-04A4-4CEC-BED0-899133BE9F18}"
EndProject
Project("{FAE04EC0-301F-11D3-BF4B-00C04F79EFBC}") = "BLL", "BLL\BLL.csproj", "{0D90E644-B409-4738-A0AF-37DCD70CC0D0}"
EndProject
Project("{FAE04EC0-301F-11D3-BF4B-00C04F79EFBC}") = "Models", "Models\Models.csproj", "{78D58285-1685-46BE-8AFE-377D2F8BFA3B}"
EndProject
Project("{FAE04EC0-301F-11D3-BF4B-00C04F79EFBC}") = "Common", "Common\Common.csproj", "{F26275B1-8994-4BD5-BA81-467F55EDAD9C}"
EndProject
Project("{FAE04EC0-301F-11D3-BF4B-00C04F79EFBC}") = "Interface", "Interface\Interface.csproj", "{E8E05A31-ACA2-43B8-9C8C-801803AEE215}"
EndProject
Project("{FAE04EC0-301F-11D3-BF4B-00C04F79EFBC}") = "Factory", "Factory\Factory.csproj", "{D5459872-6384-4ECD-B940-130B1E7A4DE1}"
EndProject
Project("{FAE04EC0-301F-11D3-BF4B-00C04F79EFBC}") = "WebBlog", "WebBlog\WebBlog.csproj", "{FD22B19D-B424-477E-A24E-A9332F85A269}"
EndProject
Project("{FAE04EC0-301F-11D3-BF4B-00C04F79EFBC}") = "WpfApp", "WpfApp\WpfApp.csproj", "{38A0681F-88AE-4DFC-ACD4-0087EC0E3C8B}"
EndProject
Global
	GlobalSection(SolutionConfigurationPlatforms) = preSolution
		Debug|Any CPU = Debug|Any CPU
		Release|Any CPU = Release|Any CPU
	EndGlobalSection
	GlobalSection(ProjectConfigurationPlatforms) = postSolution
		{0E8A869C-04A4-4CEC-BED0-899133BE9F18}.Debug|Any CPU.ActiveCfg = Debug|Any CPU
		{0E8A869C-04A4-4CEC-BED0-899133BE9F18}.Debug|Any CPU.Build.0 = Debug|Any CPU
		{0E8A869C-04A4-4CEC-BED0-899133BE9F18}.Release|Any CPU.ActiveCfg = Release|Any CPU
		{0E8A869C-04A4-4CEC-BED0-899133BE9F18}.Release|Any CPU.Build.0 = Release|Any CPU
		{0D90E644-B409-4738-A0AF-37DCD70CC0D0}.Debug|Any CPU.ActiveCfg = Debug|Any CPU
		{0D90E644-B409-4738-A0AF-37DCD70CC0D0}.Debug|Any CPU.Build.0 = Debug|Any CPU
		{0D90E644-B409-4738-A0AF-37DCD70CC0D0}.Release|Any CPU.ActiveCfg = Release|Any CPU
		{0D90E644-B409-4738-A0AF-37DCD70CC0D0}.Release|Any CPU.Build.0 = Release|Any CPU
		{78D58285-1685-46BE-8AFE-377D2F8BFA3B}.Debug|Any CPU.ActiveCfg = Debug|Any CPU
		{78D58285-1685-46BE-8AFE-377D2F8BFA3B}.Debug|Any CPU.Build.0 = Debug|Any CPU
		{78D58285-1685-46BE-8AFE-377D2F8BFA3B}.Release|Any CPU.ActiveCfg = Release|Any CPU
		{78D58285-1685-46BE-8AFE-377D2F8BFA3B}.Release|Any CPU.Build.0 = Release|Any CPU
		{F26275B1-8994-4BD5-BA81-467F55EDAD9C}.Debug|Any CPU.ActiveCfg = Debug|Any CPU
		{F26275B1-8994-4BD5-BA81-467F55EDAD9C}.Debug|Any CPU.Build.0 = Debug|Any CPU
		{F26275B1-8994-4BD5-BA81-467F55EDAD9C}.Release|Any CPU.ActiveCfg = Release|Any CPU
		{F26275B1-8994-4BD5-BA81-467F55EDAD9C}.Release|Any CPU.Build.0 = Release|Any CPU
		{E8E05A31-ACA2-43B8-9C8C-801803AEE215}.Debug|Any CPU.ActiveCfg = Debug|Any CPU
		{E8E05A31-ACA2-43B8-9C8C-801803AEE215}.Debug|Any CPU.Build.0 = Debug|Any CPU
		{E8E05A31-ACA2-43B8-9C8C-801803AEE215}.Release|Any CPU.ActiveCfg = Release|Any CPU
		{E8E05A31-ACA2-43B8-9C8C-801803AEE215}.Release|Any CPU.Build.0 = Release|Any CPU
		{D5459872-6384-4ECD-B940-130B1E7A4DE1}.Debug|Any CPU.ActiveCfg = Debug|Any CPU
		{D5459872-6384-4ECD-B940-130B1E7A4DE1}.Debug|Any CPU.Build.0 = Debug|Any CPU
		{D5459872-6384-4ECD-B940-130B1E7A4DE1}.Release|Any CPU.ActiveCfg = Release|Any CPU
		{D5459872-6384-4ECD-B940-130B1E7A4DE1}.Release|Any CPU.Build.0 = Release|Any CPU
		{FD22B19D-B424-477E-A24E-A9332F85A269}.Debug|Any CPU.ActiveCfg = Debug|Any CPU
		{FD22B19D-B424-477E-A24E-A9332F85A269}.Debug|Any CPU.Build.0 = Debug|Any CPU
		{FD22B19D-B424-477E-A24E-A9332F85A269}.Release|Any CPU.ActiveCfg = Release|Any CPU
		{FD22B19D-B424-477E-A24E-A9332F85A269}.Release|Any CPU.Build.0 = Release|Any CPU
		{38A0681F-88AE-4DFC-ACD4-0087EC0E3C8B}.Debug|Any CPU.ActiveCfg = Debug|Any CPU
		{38A0681F-88AE-4DFC-ACD4-0087EC0E3C8B}.Debug|Any CPU.Build.0 = Debug|Any CPU
		{38A0681F-88AE-4DFC-ACD4-0087EC0E3C8B}.Release|Any CPU.ActiveCfg = Release|Any CPU
		{38A0681F-88AE-4DFC-ACD4-0087EC0E3C8B}.Release|Any CPU.Build.0 = Release|Any CPU
	EndGlobalSection
	GlobalSection(SolutionProperties) = preSolution
		HideSolutionNode = FALSE
	EndGlobalSection
	GlobalSection(NestedProjects) = preSolution
		{0E8A869C-04A4-4CEC-BED0-899133BE9F18} = {59CE394E-3399-4D64-8F19-D1FBF4CC311A}
		{0D90E644-B409-4738-A0AF-37DCD70CC0D0} = {59CE394E-3399-4D64-8F19-D1FBF4CC311A}
		{78D58285-1685-46BE-8AFE-377D2F8BFA3B} = {59CE394E-3399-4D64-8F19-D1FBF4CC311A}
		{E8E05A31-ACA2-43B8-9C8C-801803AEE215} = {59CE394E-3399-4D64-8F19-D1FBF4CC311A}
		{D5459872-6384-4ECD-B940-130B1E7A4DE1} = {59CE394E-3399-4D64-8F19-D1FBF4CC311A}
	EndGlobalSection
	GlobalSection(ExtensibilityGlobals) = postSolution
		SolutionGuid = {9D620214-6B13-4046-A66E-DDB184D30A44}
	EndGlobalSection
EndGlobal
