
Microsoft Visual Studio Solution File, Format Version 12.00
# Visual Studio 15
VisualStudioVersion = 15.0.27004.2008
MinimumVisualStudioVersion = 10.0.40219.1
Project("{2150E333-8FDC-42A3-9474-1A3956D46DE8}") = "DataBase", "DataBase", "{CD55D3F4-8CC7-4A82-A598-5E770DEA273B}"
EndProject
Project("{9A19103F-16F7-4668-BE54-9A1E7A4F7556}") = "Models", "Models\Models.csproj", "{6790A81B-15C3-4935-8186-C8B943141CDE}"
EndProject
Project("{9A19103F-16F7-4668-BE54-9A1E7A4F7556}") = "WebFront", "WebFront\WebFront.csproj", "{2587CCDF-6DD1-4FFD-A468-5A1F2B9F2A23}"
EndProject
Project("{9A19103F-16F7-4668-BE54-9A1E7A4F7556}") = "Common", "Common\Common.csproj", "{6CAC2886-8137-4A83-97F0-B762A47843B3}"
EndProject
Project("{9A19103F-16F7-4668-BE54-9A1E7A4F7556}") = "Interface", "Interface\Interface.csproj", "{D272A561-C874-4567-8750-5DDCCD21D94D}"
EndProject
Project("{9A19103F-16F7-4668-BE54-9A1E7A4F7556}") = "BLL", "Bll\BLL.csproj", "{BFC22AC9-FC51-4046-8CF1-061902347494}"
EndProject
Project("{9A19103F-16F7-4668-BE54-9A1E7A4F7556}") = "DAL", "DAL\DAL.csproj", "{6959C6DD-1625-4AB0-A8F0-E6B71079A9FA}"
EndProject
Project("{FAE04EC0-301F-11D3-BF4B-00C04F79EFBC}") = "Factory", "Factory\Factory.csproj", "{C9A3AAE4-41FC-4658-A613-C8A4E33AB5C9}"
EndProject
Global
	GlobalSection(SolutionConfigurationPlatforms) = preSolution
		Debug|Any CPU = Debug|Any CPU
		Release|Any CPU = Release|Any CPU
	EndGlobalSection
	GlobalSection(ProjectConfigurationPlatforms) = postSolution
		{6790A81B-15C3-4935-8186-C8B943141CDE}.Debug|Any CPU.ActiveCfg = Debug|Any CPU
		{6790A81B-15C3-4935-8186-C8B943141CDE}.Debug|Any CPU.Build.0 = Debug|Any CPU
		{6790A81B-15C3-4935-8186-C8B943141CDE}.Release|Any CPU.ActiveCfg = Release|Any CPU
		{6790A81B-15C3-4935-8186-C8B943141CDE}.Release|Any CPU.Build.0 = Release|Any CPU
		{2587CCDF-6DD1-4FFD-A468-5A1F2B9F2A23}.Debug|Any CPU.ActiveCfg = Debug|Any CPU
		{2587CCDF-6DD1-4FFD-A468-5A1F2B9F2A23}.Debug|Any CPU.Build.0 = Debug|Any CPU
		{2587CCDF-6DD1-4FFD-A468-5A1F2B9F2A23}.Release|Any CPU.ActiveCfg = Release|Any CPU
		{2587CCDF-6DD1-4FFD-A468-5A1F2B9F2A23}.Release|Any CPU.Build.0 = Release|Any CPU
		{6CAC2886-8137-4A83-97F0-B762A47843B3}.Debug|Any CPU.ActiveCfg = Debug|Any CPU
		{6CAC2886-8137-4A83-97F0-B762A47843B3}.Debug|Any CPU.Build.0 = Debug|Any CPU
		{6CAC2886-8137-4A83-97F0-B762A47843B3}.Release|Any CPU.ActiveCfg = Release|Any CPU
		{6CAC2886-8137-4A83-97F0-B762A47843B3}.Release|Any CPU.Build.0 = Release|Any CPU
		{D272A561-C874-4567-8750-5DDCCD21D94D}.Debug|Any CPU.ActiveCfg = Debug|Any CPU
		{D272A561-C874-4567-8750-5DDCCD21D94D}.Debug|Any CPU.Build.0 = Debug|Any CPU
		{D272A561-C874-4567-8750-5DDCCD21D94D}.Release|Any CPU.ActiveCfg = Release|Any CPU
		{D272A561-C874-4567-8750-5DDCCD21D94D}.Release|Any CPU.Build.0 = Release|Any CPU
		{BFC22AC9-FC51-4046-8CF1-061902347494}.Debug|Any CPU.ActiveCfg = Debug|Any CPU
		{BFC22AC9-FC51-4046-8CF1-061902347494}.Debug|Any CPU.Build.0 = Debug|Any CPU
		{BFC22AC9-FC51-4046-8CF1-061902347494}.Release|Any CPU.ActiveCfg = Release|Any CPU
		{BFC22AC9-FC51-4046-8CF1-061902347494}.Release|Any CPU.Build.0 = Release|Any CPU
		{6959C6DD-1625-4AB0-A8F0-E6B71079A9FA}.Debug|Any CPU.ActiveCfg = Debug|Any CPU
		{6959C6DD-1625-4AB0-A8F0-E6B71079A9FA}.Debug|Any CPU.Build.0 = Debug|Any CPU
		{6959C6DD-1625-4AB0-A8F0-E6B71079A9FA}.Release|Any CPU.ActiveCfg = Release|Any CPU
		{6959C6DD-1625-4AB0-A8F0-E6B71079A9FA}.Release|Any CPU.Build.0 = Release|Any CPU
		{C9A3AAE4-41FC-4658-A613-C8A4E33AB5C9}.Debug|Any CPU.ActiveCfg = Debug|Any CPU
		{C9A3AAE4-41FC-4658-A613-C8A4E33AB5C9}.Debug|Any CPU.Build.0 = Debug|Any CPU
		{C9A3AAE4-41FC-4658-A613-C8A4E33AB5C9}.Release|Any CPU.ActiveCfg = Release|Any CPU
		{C9A3AAE4-41FC-4658-A613-C8A4E33AB5C9}.Release|Any CPU.Build.0 = Release|Any CPU
	EndGlobalSection
	GlobalSection(SolutionProperties) = preSolution
		HideSolutionNode = FALSE
	EndGlobalSection
	GlobalSection(NestedProjects) = preSolution
		{6790A81B-15C3-4935-8186-C8B943141CDE} = {CD55D3F4-8CC7-4A82-A598-5E770DEA273B}
		{D272A561-C874-4567-8750-5DDCCD21D94D} = {CD55D3F4-8CC7-4A82-A598-5E770DEA273B}
		{BFC22AC9-FC51-4046-8CF1-061902347494} = {CD55D3F4-8CC7-4A82-A598-5E770DEA273B}
		{6959C6DD-1625-4AB0-A8F0-E6B71079A9FA} = {CD55D3F4-8CC7-4A82-A598-5E770DEA273B}
		{C9A3AAE4-41FC-4658-A613-C8A4E33AB5C9} = {CD55D3F4-8CC7-4A82-A598-5E770DEA273B}
	EndGlobalSection
	GlobalSection(ExtensibilityGlobals) = postSolution
		SolutionGuid = {F8C0AF99-5342-4F28-8874-F13C5A9A025B}
	EndGlobalSection
EndGlobal
